PODS:
  - app_links (6.4.1):
    - Flutter
  - audioplayers_darwin (0.0.1):
    - Flutter
    - FlutterMacOS
  - Flutter (1.0.0)
  - flutter_inappwebview_ios (0.0.1):
    - Flutter
    - flutter_inappwebview_ios/Core (= 0.0.1)
    - OrderedSet (~> 6.0.3)
  - flutter_inappwebview_ios/Core (0.0.1):
    - Flutter
    - OrderedSet (~> 6.0.3)
  - flutter_local_notifications (0.0.1):
    - Flutter
  - flutter_native_splash (2.4.3):
    - Flutter
  - image_picker_ios (0.0.1):
    - Flutter
  - onesignal_flutter (5.6.3):
    - Flutter
    - OneSignalXCFramework (= 5.5.3)
  - OneSignalXCFramework (5.5.3):
    - OneSignalXCFramework/OneSignalComplete (= 5.5.3)
  - OneSignalXCFramework/OneSignal (5.5.3):
    - OneSignalXCFramework/OneSignalCore
    - OneSignalXCFramework/OneSignalExtension
    - OneSignalXCFramework/OneSignalLiveActivities
    - OneSignalXCFramework/OneSignalNotifications
    - OneSignalXCFramework/OneSignalOSCore
    - OneSignalXCFramework/OneSignalOutcomes
    - OneSignalXCFramework/OneSignalUser
  - OneSignalXCFramework/OneSignalComplete (5.5.3):
    - OneSignalXCFramework/OneSignal
    - OneSignalXCFramework/OneSignalInAppMessages
    - OneSignalXCFramework/OneSignalLocation
  - OneSignalXCFramework/OneSignalCore (5.5.3)
  - OneSignalXCFramework/OneSignalExtension (5.5.3):
    - OneSignalXCFramework/OneSignalCore
    - OneSignalXCFramework/OneSignalOSCore
    - OneSignalXCFramework/OneSignalOutcomes
  - OneSignalXCFramework/OneSignalInAppMessages (5.5.3):
    - OneSignalXCFramework/OneSignalCore
    - OneSignalXCFramework/OneSignalNotifications
    - OneSignalXCFramework/OneSignalOSCore
    - OneSignalXCFramework/OneSignalOutcomes
    - OneSignalXCFramework/OneSignalUser
  - OneSignalXCFramework/OneSignalLiveActivities (5.5.3):
    - OneSignalXCFramework/OneSignalCore
    - OneSignalXCFramework/OneSignalOSCore
    - OneSignalXCFramework/OneSignalUser
  - OneSignalXCFramework/OneSignalLocation (5.5.3):
    - OneSignalXCFramework/OneSignalCore
    - OneSignalXCFramework/OneSignalNotifications
    - OneSignalXCFramework/OneSignalOSCore
    - OneSignalXCFramework/OneSignalUser
  - OneSignalXCFramework/OneSignalNotifications (5.5.3):
    - OneSignalXCFramework/OneSignalCore
    - OneSignalXCFramework/OneSignalExtension
    - OneSignalXCFramework/OneSignalOSCore
    - OneSignalXCFramework/OneSignalOutcomes
  - OneSignalXCFramework/OneSignalOSCore (5.5.3):
    - OneSignalXCFramework/OneSignalCore
  - OneSignalXCFramework/OneSignalOutcomes (5.5.3):
    - OneSignalXCFramework/OneSignalCore
    - OneSignalXCFramework/OneSignalOSCore
  - OneSignalXCFramework/OneSignalUser (5.5.3):
    - OneSignalXCFramework/OneSignalCore
    - OneSignalXCFramework/OneSignalNotifications
    - OneSignalXCFramework/OneSignalOSCore
    - OneSignalXCFramework/OneSignalOutcomes
  - OrderedSet (6.0.3)
  - package_info_plus (0.4.5):
    - Flutter
  - share_plus (0.0.1):
    - Flutter
  - shared_preferences_foundation (0.0.1):
    - Flutter
    - FlutterMacOS
  - sqflite_darwin (0.0.4):
    - Flutter
    - FlutterMacOS
  - url_launcher_ios (0.0.1):
    - Flutter

DEPENDENCIES:
  - app_links (from `.symlinks/plugins/app_links/ios`)
  - audioplayers_darwin (from `.symlinks/plugins/audioplayers_darwin/darwin`)
  - Flutter (from `Flutter`)
  - flutter_inappwebview_ios (from `.symlinks/plugins/flutter_inappwebview_ios/ios`)
  - flutter_local_notifications (from `.symlinks/plugins/flutter_local_notifications/ios`)
  - flutter_native_splash (from `.symlinks/plugins/flutter_native_splash/ios`)
  - image_picker_ios (from `.symlinks/plugins/image_picker_ios/ios`)
  - onesignal_flutter (from `.symlinks/plugins/onesignal_flutter/ios`)
  - package_info_plus (from `.symlinks/plugins/package_info_plus/ios`)
  - share_plus (from `.symlinks/plugins/share_plus/ios`)
  - shared_preferences_foundation (from `.symlinks/plugins/shared_preferences_foundation/darwin`)
  - sqflite_darwin (from `.symlinks/plugins/sqflite_darwin/darwin`)
  - url_launcher_ios (from `.symlinks/plugins/url_launcher_ios/ios`)

SPEC REPOS:
  trunk:
    - OneSignalXCFramework
    - OrderedSet

EXTERNAL SOURCES:
  app_links:
    :path: ".symlinks/plugins/app_links/ios"
  audioplayers_darwin:
    :path: ".symlinks/plugins/audioplayers_darwin/darwin"
  Flutter:
    :path: Flutter
  flutter_inappwebview_ios:
    :path: ".symlinks/plugins/flutter_inappwebview_ios/ios"
  flutter_local_notifications:
    :path: ".symlinks/plugins/flutter_local_notifications/ios"
  flutter_native_splash:
    :path: ".symlinks/plugins/flutter_native_splash/ios"
  image_picker_ios:
    :path: ".symlinks/plugins/image_picker_ios/ios"
  onesignal_flutter:
    :path: ".symlinks/plugins/onesignal_flutter/ios"
  package_info_plus:
    :path: ".symlinks/plugins/package_info_plus/ios"
  share_plus:
    :path: ".symlinks/plugins/share_plus/ios"
  shared_preferences_foundation:
    :path: ".symlinks/plugins/shared_preferences_foundation/darwin"
  sqflite_darwin:
    :path: ".symlinks/plugins/sqflite_darwin/darwin"
  url_launcher_ios:
    :path: ".symlinks/plugins/url_launcher_ios/ios"

SPEC CHECKSUMS:
  app_links: 3dbc685f76b1693c66a6d9dd1e9ab6f73d97dc0a
  audioplayers_darwin: 835ced6edd4c9fc8ebb0a7cc9e294a91d99917d5
  Flutter: cabc95a1d2626b1b06e7179b784ebcf0c0cde467
  flutter_inappwebview_ios: b89ba3482b96fb25e00c967aae065701b66e9b99
  flutter_local_notifications: 395056b3175ba4f08480a7c5de30cd36d69827e4
  flutter_native_splash: c32d145d68aeda5502d5f543ee38c192065986cf
  image_picker_ios: e0ece4aa2a75771a7de3fa735d26d90817041326
  onesignal_flutter: dd80759c16b2f87d528aa71fc51b8fb339e28a55
  OneSignalXCFramework: f4505256255ae5fccfd33ba2eb1871ba2d4ce2bb
  OrderedSet: e539b66b644ff081c73a262d24ad552a69be3a94
  package_info_plus: af8e2ca6888548050f16fa2f1938db7b5a5df499
  share_plus: 50da8cb520a8f0f65671c6c6a99b3617ed10a58a
  shared_preferences_foundation: 7036424c3d8ec98dfe75ff1667cb0cd531ec82bb
  sqflite_darwin: 20b2a3a3b70e43edae938624ce550a3cbf66a3d0
  url_launcher_ios: 7a95fa5b60cc718a708b8f2966718e93db0cef1b

PODFILE CHECKSUM: 251cb053df7158f337c0712f2ab29f4e0fa474ce

COCOAPODS: 1.16.2
